
Microsoft Visual Studio Solution File, Format Version 12.00
# Visual Studio 15
VisualStudioVersion = 15.0.27428.2002
MinimumVisualStudioVersion = 10.0.40219.1
Project("{F184B08F-C81C-45F6-A57F-5ABD9991F28F}") = "TANScopeUtils", "TANScopeUtils\TANScopeUtils.vbproj", "{52A3763B-E79F-404A-BB2D-CE874B40681F}"
EndProject
Global
	GlobalSection(SolutionConfigurationPlatforms) = preSolution
		Debug|Any CPU = Debug|Any CPU
		Release|Any CPU = Release|Any CPU
	EndGlobalSection
	GlobalSection(ProjectConfigurationPlatforms) = postSolution
		{52A3763B-E79F-404A-BB2D-CE874B40681F}.Debug|Any CPU.ActiveCfg = Debug|Any CPU
		{52A3763B-E79F-404A-BB2D-CE874B40681F}.Debug|Any CPU.Build.0 = Debug|Any CPU
		{52A3763B-E79F-404A-BB2D-CE874B40681F}.Release|Any CPU.ActiveCfg = Release|Any CPU
		{52A3763B-E79F-404A-BB2D-CE874B40681F}.Release|Any CPU.Build.0 = Release|Any CPU
	EndGlobalSection
	GlobalSection(SolutionProperties) = preSolution
		HideSolutionNode = FALSE
	EndGlobalSection
	GlobalSection(ExtensibilityGlobals) = postSolution
		SolutionGuid = {EC35FAA5-D964-432A-920F-8A7CFC984D9B}
	EndGlobalSection
EndGlobal
